tinygo.org/x/drivers v0.35.0 h1:cTK36tsI/S4Mg3hCPH0MBjV/ta7XKQ+wpvch4mVqgsE=
tinygo.org/x/drivers v0.35.0/go.mod h1:DQgKyHkB4G6IEOKVTAjApbKnWGwESN91EVJO+nMOE9Y=
tinygo.org/x/tinyfs v0.5.0 h1:1nLSvtvvoNcK3Ii+Dib9MVe4y/Fnp2iMgzbKgADGfbs=
tinygo.org/x/tinyfs v0.5.0/go.mod h1:45hZCJ5e4rJxc3BaJTy1qhe5N+LbF/CpuFS4jPhhYuo=
